
Microsoft Visual Studio Solution File, Format Version 12.00
# Visual Studio Version 16
VisualStudioVersion = 16.0.31005.135
MinimumVisualStudioVersion = 10.0.40219.1
Project("{2150E333-8FDC-42A3-9474-1A3956D46DE8}") = "Faces", "Faces", "{11E9C916-8F74-4EF5-89C5-A182B9E4DA07}"
EndProject
Project("{9A19103F-16F7-4668-BE54-9A1E7A4F7556}") = "FacesApi", "Faces\FacesApi\FacesApi.csproj", "{EA7E6A87-E87F-457D-B7FE-D4AA1830DBB1}"
EndProject
Project("{9A19103F-16F7-4668-BE54-9A1E7A4F7556}") = "FacesApiTest", "Faces\FacesApiTest\FacesApiTest.csproj", "{C2D53A45-DB16-4C19-A7FD-870EF6B6F23D}"
EndProject
Project("{2150E333-8FDC-42A3-9474-1A3956D46DE8}") = "Faces.SharedLib", "Faces.SharedLib", "{1D942586-13A1-4959-A256-26842284E0AF}"
EndProject
Project("{9A19103F-16F7-4668-BE54-9A1E7A4F7556}") = "Messaging.InterfacesConstants", "Faces.SharedLib\Messaging.InterfacesConstants\Messaging.InterfacesConstants.csproj", "{B4BDA10D-6469-4550-A21F-350B77BC3A09}"
EndProject
Project("{2150E333-8FDC-42A3-9474-1A3956D46DE8}") = "Faces.Web", "Faces.Web", "{76A28D51-FF33-43D7-82C5-AED3AD3F033E}"
EndProject
Project("{9A19103F-16F7-4668-BE54-9A1E7A4F7556}") = "Faces.WebMvc", "Faces.Web\Faces.WebMvc\Faces.WebMvc.csproj", "{54DAAA10-BBF5-4E95-A0F8-6181FB3CF395}"
EndProject
Project("{2150E333-8FDC-42A3-9474-1A3956D46DE8}") = "Ordering", "Ordering", "{4C08BFFA-9E87-450E-80E0-9899CC874889}"
EndProject
Project("{FAE04EC0-301F-11D3-BF4B-00C04F79EFBC}") = "OrdersApi", "Ordering\OrdersApi\OrdersApi.csproj", "{3DAEF2E8-F284-454B-9AC5-CB1755916D16}"
EndProject
Global
	GlobalSection(SolutionConfigurationPlatforms) = preSolution
		Debug|Any CPU = Debug|Any CPU
		Release|Any CPU = Release|Any CPU
	EndGlobalSection
	GlobalSection(ProjectConfigurationPlatforms) = postSolution
		{EA7E6A87-E87F-457D-B7FE-D4AA1830DBB1}.Debug|Any CPU.ActiveCfg = Debug|Any CPU
		{EA7E6A87-E87F-457D-B7FE-D4AA1830DBB1}.Debug|Any CPU.Build.0 = Debug|Any CPU
		{EA7E6A87-E87F-457D-B7FE-D4AA1830DBB1}.Release|Any CPU.ActiveCfg = Release|Any CPU
		{EA7E6A87-E87F-457D-B7FE-D4AA1830DBB1}.Release|Any CPU.Build.0 = Release|Any CPU
		{C2D53A45-DB16-4C19-A7FD-870EF6B6F23D}.Debug|Any CPU.ActiveCfg = Debug|Any CPU
		{C2D53A45-DB16-4C19-A7FD-870EF6B6F23D}.Debug|Any CPU.Build.0 = Debug|Any CPU
		{C2D53A45-DB16-4C19-A7FD-870EF6B6F23D}.Release|Any CPU.ActiveCfg = Release|Any CPU
		{C2D53A45-DB16-4C19-A7FD-870EF6B6F23D}.Release|Any CPU.Build.0 = Release|Any CPU
		{B4BDA10D-6469-4550-A21F-350B77BC3A09}.Debug|Any CPU.ActiveCfg = Debug|Any CPU
		{B4BDA10D-6469-4550-A21F-350B77BC3A09}.Debug|Any CPU.Build.0 = Debug|Any CPU
		{B4BDA10D-6469-4550-A21F-350B77BC3A09}.Release|Any CPU.ActiveCfg = Release|Any CPU
		{B4BDA10D-6469-4550-A21F-350B77BC3A09}.Release|Any CPU.Build.0 = Release|Any CPU
		{54DAAA10-BBF5-4E95-A0F8-6181FB3CF395}.Debug|Any CPU.ActiveCfg = Debug|Any CPU
		{54DAAA10-BBF5-4E95-A0F8-6181FB3CF395}.Debug|Any CPU.Build.0 = Debug|Any CPU
		{54DAAA10-BBF5-4E95-A0F8-6181FB3CF395}.Release|Any CPU.ActiveCfg = Release|Any CPU
		{54DAAA10-BBF5-4E95-A0F8-6181FB3CF395}.Release|Any CPU.Build.0 = Release|Any CPU
		{3DAEF2E8-F284-454B-9AC5-CB1755916D16}.Debug|Any CPU.ActiveCfg = Debug|Any CPU
		{3DAEF2E8-F284-454B-9AC5-CB1755916D16}.Debug|Any CPU.Build.0 = Debug|Any CPU
		{3DAEF2E8-F284-454B-9AC5-CB1755916D16}.Release|Any CPU.ActiveCfg = Release|Any CPU
		{3DAEF2E8-F284-454B-9AC5-CB1755916D16}.Release|Any CPU.Build.0 = Release|Any CPU
	EndGlobalSection
	GlobalSection(SolutionProperties) = preSolution
		HideSolutionNode = FALSE
	EndGlobalSection
	GlobalSection(NestedProjects) = preSolution
		{EA7E6A87-E87F-457D-B7FE-D4AA1830DBB1} = {11E9C916-8F74-4EF5-89C5-A182B9E4DA07}
		{C2D53A45-DB16-4C19-A7FD-870EF6B6F23D} = {11E9C916-8F74-4EF5-89C5-A182B9E4DA07}
		{B4BDA10D-6469-4550-A21F-350B77BC3A09} = {1D942586-13A1-4959-A256-26842284E0AF}
		{54DAAA10-BBF5-4E95-A0F8-6181FB3CF395} = {76A28D51-FF33-43D7-82C5-AED3AD3F033E}
		{3DAEF2E8-F284-454B-9AC5-CB1755916D16} = {4C08BFFA-9E87-450E-80E0-9899CC874889}
	EndGlobalSection
	GlobalSection(ExtensibilityGlobals) = postSolution
		SolutionGuid = {E714B01E-03A4-4B1E-ACF5-2247A46436E9}
	EndGlobalSection
EndGlobal
